<?xml version="1.0" encoding="utf-8"?>
<Project ToolsVersion="4.0" xmlns="http://schemas.microsoft.com/developer/msbuild/2003">
  <ItemGroup>
    <Filter Include="Source Files">
      <UniqueIdentifier>{4FC737F1-C7A5-4376-A066-2A32D752A2FF}</UniqueIdentifier>
      <Extensions>cpp;c;cc;cxx;c++;cppm;ixx;def;odl;idl;hpj;bat;asm;asmx</Extensions>
    </Filter>
    <Filter Include="Header Files">
      <UniqueIdentifier>{93995380-89BD-4b04-88EB-625FBE52EBFB}</UniqueIdentifier>
      <Extensions>h;hh;hpp;hxx;h++;hm;inl;inc;ipp;xsd</Extensions>
    </Filter>
    <Filter Include="Resource Files">
      <UniqueIdentifier>{67DA6AB6-F800-4c08-8B7A-83BB121AAD01}</UniqueIdentifier>
      <Extensions>rc;ico;cur;bmp;dlg;rc2;rct;bin;rgs;gif;jpg;jpeg;jpe;resx;tiff;tif;png;wav;mfcribbon-ms</Extensions>
    </Filter>
    <Filter Include="Source Files\Thridparties">
      <UniqueIdentifier>{5bd82b07-3b38-4c0f-ade9-d25ab85168fd}</UniqueIdentifier>
    </Filter>
    <Filter Include="Header Files\Thirdparties">
      <UniqueIdentifier>{703fb38b-120e-4211-9b95-76d32814bbbb}</UniqueIdentifier>
    </Filter>
    <Filter Include="Header Files\Dialogs">
      <UniqueIdentifier>{ed444eb2-c2a8-4099-932f-062579095011}</UniqueIdentifier>
    </Filter>
    <Filter Include="Source Files\Dialogs">
      <UniqueIdentifier>{12c623fe-b1c0-421f-af63-a01b072ea392}</UniqueIdentifier>
    </Filter>
    <Filter Include="Header Files\Utilities">
      <UniqueIdentifier>{080dd84b-67d6-4ca0-b2b5-1e2cc7d90474}</UniqueIdentifier>
    </Filter>
    <Filter Include="Source Files\Utilities">
      <UniqueIdentifier>{b4f63922-f234-4905-a111-ea270a1c0615}</UniqueIdentifier>
    </Filter>
  </ItemGroup>
  <ItemGroup>
    <ClInclude Include="include\gme.h">
      <Filter>Header Files</Filter>
    </ClInclude>
    <ClInclude Include="include\gme_game.h">
      <Filter>Header Files</Filter>
    </ClInclude>
    <ClInclude Include="include\gme_mods.h">
      <Filter>Header Files</Filter>
    </ClInclude>
    <ClInclude Include="include\gme_repo.h">
      <Filter>Header Files</Filter>
    </ClInclude>
    <ClInclude Include="include\gme_snap.h">
      <Filter>Header Files</Filter>
    </ClInclude>
    <ClInclude Include="include\gme_uins.h">
      <Filter>Header Files</Filter>
    </ClInclude>
    <ClInclude Include="include\gme_prof.h">
      <Filter>Header Files</Filter>
    </ClInclude>
    <ClInclude Include="include\thirdparty\miniz\miniz.h">
      <Filter>Header Files\Thirdparties</Filter>
    </ClInclude>
    <ClInclude Include="include\thirdparty\xxhash\xxhash.h">
      <Filter>Header Files\Thirdparties</Filter>
    </ClInclude>
    <ClInclude Include="include\thirdparty\pugixml\pugiconfig.hpp">
      <Filter>Header Files\Thirdparties</Filter>
    </ClInclude>
    <ClInclude Include="include\thirdparty\pugixml\pugixml.hpp">
      <Filter>Header Files\Thirdparties</Filter>
    </ClInclude>
    <ClInclude Include="include\gme_dlg_about.h">
      <Filter>Header Files\Dialogs</Filter>
    </ClInclude>
    <ClInclude Include="include\gme_dlg_debug.h">
      <Filter>Header Files\Dialogs</Filter>
    </ClInclude>
    <ClInclude Include="include\gme_dlg_game.h">
      <Filter>Header Files\Dialogs</Filter>
    </ClInclude>
    <ClInclude Include="include\gme_dlg_main.h">
      <Filter>Header Files\Dialogs</Filter>
    </ClInclude>
    <ClInclude Include="include\gme_dlg_mods.h">
      <Filter>Header Files\Dialogs</Filter>
    </ClInclude>
    <ClInclude Include="include\gme_dlg_prof.h">
      <Filter>Header Files\Dialogs</Filter>
    </ClInclude>
    <ClInclude Include="include\gme_dlg_repo.h">
      <Filter>Header Files\Dialogs</Filter>
    </ClInclude>
    <ClInclude Include="include\gme_dlg_snap.h">
      <Filter>Header Files\Dialogs</Filter>
    </ClInclude>
    <ClInclude Include="resource.h">
      <Filter>Resource Files</Filter>
    </ClInclude>
    <ClInclude Include="include\gme_conf.h">
      <Filter>Header Files\Utilities</Filter>
    </ClInclude>
    <ClInclude Include="include\gme_logs.h">
      <Filter>Header Files\Utilities</Filter>
    </ClInclude>
    <ClInclude Include="include\gme_netw.h">
      <Filter>Header Files\Utilities</Filter>
    </ClInclude>
    <ClInclude Include="include\gme_tools.h">
      <Filter>Header Files\Utilities</Filter>
    </ClInclude>
    <ClInclude Include="include\gmenode.h">
      <Filter>Header Files\Utilities</Filter>
    </ClInclude>
  </ItemGroup>
  <ItemGroup>
    <ClCompile Include="src\gme.cpp">
      <Filter>Source Files</Filter>
    </ClCompile>
    <ClCompile Include="src\gme_game.cpp">
      <Filter>Source Files</Filter>
    </ClCompile>
    <ClCompile Include="src\gme_mods.cpp">
      <Filter>Source Files</Filter>
    </ClCompile>
    <ClCompile Include="src\gme_repo.cpp">
      <Filter>Source Files</Filter>
    </ClCompile>
    <ClCompile Include="src\gme_snap.cpp">
      <Filter>Source Files</Filter>
    </ClCompile>
    <ClCompile Include="src\gme_uins.cpp">
      <Filter>Source Files</Filter>
    </ClCompile>
    <ClCompile Include="main.cpp">
      <Filter>Source Files</Filter>
    </ClCompile>
    <ClCompile Include="src\gme_prof.cpp">
      <Filter>Source Files</Filter>
    </ClCompile>
    <ClCompile Include="src\thirdparty\miniz\miniz.c">
      <Filter>Source Files\Thridparties</Filter>
    </ClCompile>
    <ClCompile Include="src\thirdparty\pugixml\pugixml.cpp">
      <Filter>Source Files\Thridparties</Filter>
    </ClCompile>
    <ClCompile Include="src\thirdparty\xxhash\xxhash.c">
      <Filter>Source Files\Thridparties</Filter>
    </ClCompile>
    <ClCompile Include="src\gme_dlg_about.cpp">
      <Filter>Source Files\Dialogs</Filter>
    </ClCompile>
    <ClCompile Include="src\gme_dlg_debug.cpp">
      <Filter>Source Files\Dialogs</Filter>
    </ClCompile>
    <ClCompile Include="src\gme_dlg_game.cpp">
      <Filter>Source Files\Dialogs</Filter>
    </ClCompile>
    <ClCompile Include="src\gme_dlg_main.cpp">
      <Filter>Source Files\Dialogs</Filter>
    </ClCompile>
    <ClCompile Include="src\gme_dlg_mods.cpp">
      <Filter>Source Files\Dialogs</Filter>
    </ClCompile>
    <ClCompile Include="src\gme_dlg_prof.cpp">
      <Filter>Source Files\Dialogs</Filter>
    </ClCompile>
    <ClCompile Include="src\gme_dlg_repo.cpp">
      <Filter>Source Files\Dialogs</Filter>
    </ClCompile>
    <ClCompile Include="src\gme_dlg_snap.cpp">
      <Filter>Source Files\Dialogs</Filter>
    </ClCompile>
    <ClCompile Include="src\gme_conf.cpp">
      <Filter>Source Files\Utilities</Filter>
    </ClCompile>
    <ClCompile Include="src\gme_logs.cpp">
      <Filter>Source Files\Utilities</Filter>
    </ClCompile>
    <ClCompile Include="src\gme_netw.cpp">
      <Filter>Source Files\Utilities</Filter>
    </ClCompile>
    <ClCompile Include="src\gme_tools.cpp">
      <Filter>Source Files\Utilities</Filter>
    </ClCompile>
    <ClCompile Include="src\gmenode.cpp">
      <Filter>Source Files\Utilities</Filter>
    </ClCompile>
  </ItemGroup>
  <ItemGroup>
    <Image Include="res\available.bmp">
      <Filter>Resource Files</Filter>
    </Image>
    <Image Include="res\disabled.bmp">
      <Filter>Resource Files</Filter>
    </Image>
    <Image Include="res\dngrade.bmp">
      <Filter>Resource Files</Filter>
    </Image>
    <Image Include="res\enabled.bmp">
      <Filter>Resource Files</Filter>
    </Image>
    <Image Include="res\icon.png">
      <Filter>Resource Files</Filter>
    </Image>
    <Image Include="res\logo.bmp">
      <Filter>Resource Files</Filter>
    </Image>
    <Image Include="res\moddir.bmp">
      <Filter>Resource Files</Filter>
    </Image>
    <Image Include="res\modzip.bmp">
      <Filter>Resource Files</Filter>
    </Image>
    <Image Include="res\upgrade.bmp">
      <Filter>Resource Files</Filter>
    </Image>
    <Image Include="res\uptodate.bmp">
      <Filter>Resource Files</Filter>
    </Image>
  </ItemGroup>
  <ItemGroup>
    <ResourceCompile Include="resource.rc">
      <Filter>Resource Files</Filter>
    </ResourceCompile>
  </ItemGroup>
</Project>